
Microsoft Visual Studio Solution File, Format Version 12.00
# Visual Studio 2012
Project("{8BC9CEB8-8B4A-11D0-8D11-00A0C91BC942}") = "Excel2Binary", "Excel2Binary\Excel2Binary.vcxproj", "{AF03BF6E-0C7E-4798-B338-EFBC3C73D218}"
EndProject
Global
	GlobalSection(SolutionConfigurationPlatforms) = preSolution
		Debug|Win32 = Debug|Win32
		Release|Win32 = Release|Win32
	EndGlobalSection
	GlobalSection(ProjectConfigurationPlatforms) = postSolution
		{AF03BF6E-0C7E-4798-B338-EFBC3C73D218}.Debug|Win32.ActiveCfg = Debug|Win32
		{AF03BF6E-0C7E-4798-B338-EFBC3C73D218}.Debug|Win32.Build.0 = Debug|Win32
		{AF03BF6E-0C7E-4798-B338-EFBC3C73D218}.Release|Win32.ActiveCfg = Release|Win32
		{AF03BF6E-0C7E-4798-B338-EFBC3C73D218}.Release|Win32.Build.0 = Release|Win32
	EndGlobalSection
	GlobalSection(SolutionProperties) = preSolution
		HideSolutionNode = FALSE
	EndGlobalSection
EndGlobal
